
Microsoft Visual Studio Solution File, Format Version 12.00
# Visual Studio Version 16
VisualStudioVersion = 16.0.30225.117
MinimumVisualStudioVersion = 10.0.40219.1
Project("{FAE04EC0-301F-11D3-BF4B-00C04F79EFBC}") = "AspectInjectorLab", "AspectInjectorLab\AspectInjectorLab.csproj", "{A94D08CE-15DA-4B4C-8E6C-844E0E2DC88B}"
EndProject
Project("{FAE04EC0-301F-11D3-BF4B-00C04F79EFBC}") = "AspectInjectorLab.Wpf", "AspectInjectorLab.Wpf\AspectInjectorLab.Wpf.csproj", "{12E72BEA-A10D-4C0B-BFCA-2247343C3938}"
EndProject
Global
	GlobalSection(SolutionConfigurationPlatforms) = preSolution
		Debug|Any CPU = Debug|Any CPU
		Release|Any CPU = Release|Any CPU
	EndGlobalSection
	GlobalSection(ProjectConfigurationPlatforms) = postSolution
		{A94D08CE-15DA-4B4C-8E6C-844E0E2DC88B}.Debug|Any CPU.ActiveCfg = Debug|Any CPU
		{A94D08CE-15DA-4B4C-8E6C-844E0E2DC88B}.Debug|Any CPU.Build.0 = Debug|Any CPU
		{A94D08CE-15DA-4B4C-8E6C-844E0E2DC88B}.Release|Any CPU.ActiveCfg = Release|Any CPU
		{A94D08CE-15DA-4B4C-8E6C-844E0E2DC88B}.Release|Any CPU.Build.0 = Release|Any CPU
		{12E72BEA-A10D-4C0B-BFCA-2247343C3938}.Debug|Any CPU.ActiveCfg = Debug|Any CPU
		{12E72BEA-A10D-4C0B-BFCA-2247343C3938}.Debug|Any CPU.Build.0 = Debug|Any CPU
		{12E72BEA-A10D-4C0B-BFCA-2247343C3938}.Release|Any CPU.ActiveCfg = Release|Any CPU
		{12E72BEA-A10D-4C0B-BFCA-2247343C3938}.Release|Any CPU.Build.0 = Release|Any CPU
	EndGlobalSection
	GlobalSection(SolutionProperties) = preSolution
		HideSolutionNode = FALSE
	EndGlobalSection
	GlobalSection(ExtensibilityGlobals) = postSolution
		SolutionGuid = {BC3BBAA0-22FC-42AA-96B6-D0731D2818AC}
	EndGlobalSection
EndGlobal
